# This file is automatically @generated by Cargo.
# It is not intended for manual editing.
version = 4

[[package]]
name = "puzzle-3d"
version = "0.1.0"
dependencies = [
 "puzzle-authoring",
 "puzzle-grid3d",
 "puzzle-kernel",
 "puzzle-scene",
]

[[package]]
name = "puzzle-authoring"
version = "0.1.0"

[[package]]
name = "puzzle-core"
version = "0.1.0"
dependencies = [
 "puzzle-kernel",
]

[[package]]
name = "puzzle-feedback"
version = "0.1.0"
dependencies = [
 "puzzle-core",
 "puzzle-lang",
 "puzzle-play",
]

[[package]]
name = "puzzle-grid3d"
version = "0.1.0"
dependencies = [
 "puzzle-kernel",
]

[[package]]
name = "puzzle-kernel"
version = "0.1.0"

[[package]]
name = "puzzle-lang"
version = "0.1.0"
dependencies = [
 "puzzle-3d",
 "puzzle-authoring",
 "puzzle-core",
 "puzzle-kernel",
 "puzzle-scene",
]

[[package]]
name = "puzzle-play"
version = "0.1.0"
dependencies = [
 "puzzle-core",
 "puzzle-lang",
]

[[package]]
name = "puzzle-scene"
version = "0.1.0"
